
Microsoft Visual Studio Solution File, Format Version 12.00
# Visual Studio Version 17
VisualStudioVersion = 17.1.32319.34
MinimumVisualStudioVersion = 10.0.40219.1
Project("{FAE04EC0-301F-11D3-BF4B-00C04F79EFBC}") = "AgendaTel", "AgendaTel.csproj", "{E54EF0C7-05F7-4BE0-A4C1-5102B93D33E8}"
EndProject
Global
	GlobalSection(SolutionConfigurationPlatforms) = preSolution
		Debug|Any CPU = Debug|Any CPU
		Release|Any CPU = Release|Any CPU
	EndGlobalSection
	GlobalSection(ProjectConfigurationPlatforms) = postSolution
		{E54EF0C7-05F7-4BE0-A4C1-5102B93D33E8}.Debug|Any CPU.ActiveCfg = Debug|Any CPU
		{E54EF0C7-05F7-4BE0-A4C1-5102B93D33E8}.Debug|Any CPU.Build.0 = Debug|Any CPU
		{E54EF0C7-05F7-4BE0-A4C1-5102B93D33E8}.Release|Any CPU.ActiveCfg = Release|Any CPU
		{E54EF0C7-05F7-4BE0-A4C1-5102B93D33E8}.Release|Any CPU.Build.0 = Release|Any CPU
	EndGlobalSection
	GlobalSection(SolutionProperties) = preSolution
		HideSolutionNode = FALSE
	EndGlobalSection
	GlobalSection(ExtensibilityGlobals) = postSolution
		SolutionGuid = {6B5686FB-8D16-4D22-AE84-05EEA48122B8}
	EndGlobalSection
EndGlobal
